
Microsoft Visual Studio Solution File, Format Version 12.00
# Visual Studio Version 17
VisualStudioVersion = 17.0.31903.59
MinimumVisualStudioVersion = 10.0.40219.1
Project("{2150E333-8FDC-42A3-9474-1A3956D46DE8}") = "src", "src", "{827E0CD3-B72D-47B6-A68D-7590B98EB39B}"
EndProject
Project("{FAE04EC0-301F-11D3-BF4B-00C04F79EFBC}") = "Bran.API", "src\Bran.API\Bran.API.csproj", "{88B35E56-E99B-450C-9B89-C193EADB3F04}"
EndProject
Project("{FAE04EC0-301F-11D3-BF4B-00C04F79EFBC}") = "Bran.Application", "src\Bran.Application\Bran.Application.csproj", "{144F4827-AE1C-4AF8-900A-5DB4212477D7}"
EndProject
Project("{FAE04EC0-301F-11D3-BF4B-00C04F79EFBC}") = "Bran.Domain", "src\Bran.Domain\Bran.Domain.csproj", "{5D50F16F-E54F-4F14-BB54-E91B668BA7F8}"
EndProject
Project("{FAE04EC0-301F-11D3-BF4B-00C04F79EFBC}") = "Bran.Infrastructure", "src\Bran.Infrastructure\Bran.Infrastructure.csproj", "{78ADD80E-226B-4E61-B30D-6F6459AFAA7C}"
EndProject
Global
	GlobalSection(SolutionConfigurationPlatforms) = preSolution
		Debug|Any CPU = Debug|Any CPU
		Debug|x64 = Debug|x64
		Debug|x86 = Debug|x86
		Release|Any CPU = Release|Any CPU
		Release|x64 = Release|x64
		Release|x86 = Release|x86
	EndGlobalSection
	GlobalSection(ProjectConfigurationPlatforms) = postSolution
		{88B35E56-E99B-450C-9B89-C193EADB3F04}.Debug|Any CPU.ActiveCfg = Debug|Any CPU
		{88B35E56-E99B-450C-9B89-C193EADB3F04}.Debug|Any CPU.Build.0 = Debug|Any CPU
		{88B35E56-E99B-450C-9B89-C193EADB3F04}.Debug|x64.ActiveCfg = Debug|Any CPU
		{88B35E56-E99B-450C-9B89-C193EADB3F04}.Debug|x64.Build.0 = Debug|Any CPU
		{88B35E56-E99B-450C-9B89-C193EADB3F04}.Debug|x86.ActiveCfg = Debug|Any CPU
		{88B35E56-E99B-450C-9B89-C193EADB3F04}.Debug|x86.Build.0 = Debug|Any CPU
		{88B35E56-E99B-450C-9B89-C193EADB3F04}.Release|Any CPU.ActiveCfg = Release|Any CPU
		{88B35E56-E99B-450C-9B89-C193EADB3F04}.Release|Any CPU.Build.0 = Release|Any CPU
		{88B35E56-E99B-450C-9B89-C193EADB3F04}.Release|x64.ActiveCfg = Release|Any CPU
		{88B35E56-E99B-450C-9B89-C193EADB3F04}.Release|x64.Build.0 = Release|Any CPU
		{88B35E56-E99B-450C-9B89-C193EADB3F04}.Release|x86.ActiveCfg = Release|Any CPU
		{88B35E56-E99B-450C-9B89-C193EADB3F04}.Release|x86.Build.0 = Release|Any CPU
		{144F4827-AE1C-4AF8-900A-5DB4212477D7}.Debug|Any CPU.ActiveCfg = Debug|Any CPU
		{144F4827-AE1C-4AF8-900A-5DB4212477D7}.Debug|Any CPU.Build.0 = Debug|Any CPU
		{144F4827-AE1C-4AF8-900A-5DB4212477D7}.Debug|x64.ActiveCfg = Debug|Any CPU
		{144F4827-AE1C-4AF8-900A-5DB4212477D7}.Debug|x64.Build.0 = Debug|Any CPU
		{144F4827-AE1C-4AF8-900A-5DB4212477D7}.Debug|x86.ActiveCfg = Debug|Any CPU
		{144F4827-AE1C-4AF8-900A-5DB4212477D7}.Debug|x86.Build.0 = Debug|Any CPU
		{144F4827-AE1C-4AF8-900A-5DB4212477D7}.Release|Any CPU.ActiveCfg = Release|Any CPU
		{144F4827-AE1C-4AF8-900A-5DB4212477D7}.Release|Any CPU.Build.0 = Release|Any CPU
		{144F4827-AE1C-4AF8-900A-5DB4212477D7}.Release|x64.ActiveCfg = Release|Any CPU
		{144F4827-AE1C-4AF8-900A-5DB4212477D7}.Release|x64.Build.0 = Release|Any CPU
		{144F4827-AE1C-4AF8-900A-5DB4212477D7}.Release|x86.ActiveCfg = Release|Any CPU
		{144F4827-AE1C-4AF8-900A-5DB4212477D7}.Release|x86.Build.0 = Release|Any CPU
		{5D50F16F-E54F-4F14-BB54-E91B668BA7F8}.Debug|Any CPU.ActiveCfg = Debug|Any CPU
		{5D50F16F-E54F-4F14-BB54-E91B668BA7F8}.Debug|Any CPU.Build.0 = Debug|Any CPU
		{5D50F16F-E54F-4F14-BB54-E91B668BA7F8}.Debug|x64.ActiveCfg = Debug|Any CPU
		{5D50F16F-E54F-4F14-BB54-E91B668BA7F8}.Debug|x64.Build.0 = Debug|Any CPU
		{5D50F16F-E54F-4F14-BB54-E91B668BA7F8}.Debug|x86.ActiveCfg = Debug|Any CPU
		{5D50F16F-E54F-4F14-BB54-E91B668BA7F8}.Debug|x86.Build.0 = Debug|Any CPU
		{5D50F16F-E54F-4F14-BB54-E91B668BA7F8}.Release|Any CPU.ActiveCfg = Release|Any CPU
		{5D50F16F-E54F-4F14-BB54-E91B668BA7F8}.Release|Any CPU.Build.0 = Release|Any CPU
		{5D50F16F-E54F-4F14-BB54-E91B668BA7F8}.Release|x64.ActiveCfg = Release|Any CPU
		{5D50F16F-E54F-4F14-BB54-E91B668BA7F8}.Release|x64.Build.0 = Release|Any CPU
		{5D50F16F-E54F-4F14-BB54-E91B668BA7F8}.Release|x86.ActiveCfg = Release|Any CPU
		{5D50F16F-E54F-4F14-BB54-E91B668BA7F8}.Release|x86.Build.0 = Release|Any CPU
		{78ADD80E-226B-4E61-B30D-6F6459AFAA7C}.Debug|Any CPU.ActiveCfg = Debug|Any CPU
		{78ADD80E-226B-4E61-B30D-6F6459AFAA7C}.Debug|Any CPU.Build.0 = Debug|Any CPU
		{78ADD80E-226B-4E61-B30D-6F6459AFAA7C}.Debug|x64.ActiveCfg = Debug|Any CPU
		{78ADD80E-226B-4E61-B30D-6F6459AFAA7C}.Debug|x64.Build.0 = Debug|Any CPU
		{78ADD80E-226B-4E61-B30D-6F6459AFAA7C}.Debug|x86.ActiveCfg = Debug|Any CPU
		{78ADD80E-226B-4E61-B30D-6F6459AFAA7C}.Debug|x86.Build.0 = Debug|Any CPU
		{78ADD80E-226B-4E61-B30D-6F6459AFAA7C}.Release|Any CPU.ActiveCfg = Release|Any CPU
		{78ADD80E-226B-4E61-B30D-6F6459AFAA7C}.Release|Any CPU.Build.0 = Release|Any CPU
		{78ADD80E-226B-4E61-B30D-6F6459AFAA7C}.Release|x64.ActiveCfg = Release|Any CPU
		{78ADD80E-226B-4E61-B30D-6F6459AFAA7C}.Release|x64.Build.0 = Release|Any CPU
		{78ADD80E-226B-4E61-B30D-6F6459AFAA7C}.Release|x86.ActiveCfg = Release|Any CPU
		{78ADD80E-226B-4E61-B30D-6F6459AFAA7C}.Release|x86.Build.0 = Release|Any CPU
	EndGlobalSection
	GlobalSection(SolutionProperties) = preSolution
		HideSolutionNode = FALSE
	EndGlobalSection
	GlobalSection(NestedProjects) = preSolution
		{88B35E56-E99B-450C-9B89-C193EADB3F04} = {827E0CD3-B72D-47B6-A68D-7590B98EB39B}
		{144F4827-AE1C-4AF8-900A-5DB4212477D7} = {827E0CD3-B72D-47B6-A68D-7590B98EB39B}
		{5D50F16F-E54F-4F14-BB54-E91B668BA7F8} = {827E0CD3-B72D-47B6-A68D-7590B98EB39B}
		{78ADD80E-226B-4E61-B30D-6F6459AFAA7C} = {827E0CD3-B72D-47B6-A68D-7590B98EB39B}
	EndGlobalSection
EndGlobal
